
Microsoft Visual Studio Solution File, Format Version 12.00
# Visual Studio Version 16
VisualStudioVersion = 16.0.32106.194
MinimumVisualStudioVersion = 10.0.40219.1
Project("{FAE04EC0-301F-11D3-BF4B-00C04F79EFBC}") = "Iteration4", "Iteration4\Iteration4.csproj", "{7979380E-082B-45F0-82A2-51202EDC92F1}"
EndProject
Global
	GlobalSection(SolutionConfigurationPlatforms) = preSolution
		Debug|Any CPU = Debug|Any CPU
		Release|Any CPU = Release|Any CPU
	EndGlobalSection
	GlobalSection(ProjectConfigurationPlatforms) = postSolution
		{7979380E-082B-45F0-82A2-51202EDC92F1}.Debug|Any CPU.ActiveCfg = Debug|Any CPU
		{7979380E-082B-45F0-82A2-51202EDC92F1}.Debug|Any CPU.Build.0 = Debug|Any CPU
		{7979380E-082B-45F0-82A2-51202EDC92F1}.Release|Any CPU.ActiveCfg = Release|Any CPU
		{7979380E-082B-45F0-82A2-51202EDC92F1}.Release|Any CPU.Build.0 = Release|Any CPU
	EndGlobalSection
	GlobalSection(SolutionProperties) = preSolution
		HideSolutionNode = FALSE
	EndGlobalSection
	GlobalSection(ExtensibilityGlobals) = postSolution
		SolutionGuid = {6140E385-2D87-447C-9707-5DFF830EA199}
	EndGlobalSection
EndGlobal
